
Microsoft Visual Studio Solution File, Format Version 12.00
# Visual Studio Version 16
VisualStudioVersion = 16.0.29613.14
MinimumVisualStudioVersion = 10.0.40219.1
Project("{9A19103F-16F7-4668-BE54-9A1E7A4F7556}") = "StandardNetTests", "ConsoleApp1\StandardNetTests.csproj", "{24092EC4-A604-4E97-8DE9-6F482A3DD3BD}"
EndProject
Project("{9A19103F-16F7-4668-BE54-9A1E7A4F7556}") = "Tests", "Tests\Tests.csproj", "{A0AFC893-1A26-481C-BD01-E1740AA170F0}"
EndProject
Project("{9A19103F-16F7-4668-BE54-9A1E7A4F7556}") = "BlazorClientBenchmark", "BlazorClientBenchmark\BlazorClientBenchmark.csproj", "{43BF04F9-CF01-41A3-B90E-1AC4CB54485E}"
EndProject
Project("{FAE04EC0-301F-11D3-BF4B-00C04F79EFBC}") = "CommuncationTestServer", "CommuncationTestServer\CommuncationTestServer.csproj", "{69A1CE1D-89EB-4147-BC5A-4B9FD5B8D7B9}"
EndProject
Global
	GlobalSection(SolutionConfigurationPlatforms) = preSolution
		Debug|Any CPU = Debug|Any CPU
		Release|Any CPU = Release|Any CPU
	EndGlobalSection
	GlobalSection(ProjectConfigurationPlatforms) = postSolution
		{24092EC4-A604-4E97-8DE9-6F482A3DD3BD}.Debug|Any CPU.ActiveCfg = Debug|Any CPU
		{24092EC4-A604-4E97-8DE9-6F482A3DD3BD}.Debug|Any CPU.Build.0 = Debug|Any CPU
		{24092EC4-A604-4E97-8DE9-6F482A3DD3BD}.Release|Any CPU.ActiveCfg = Release|Any CPU
		{24092EC4-A604-4E97-8DE9-6F482A3DD3BD}.Release|Any CPU.Build.0 = Release|Any CPU
		{A0AFC893-1A26-481C-BD01-E1740AA170F0}.Debug|Any CPU.ActiveCfg = Debug|Any CPU
		{A0AFC893-1A26-481C-BD01-E1740AA170F0}.Debug|Any CPU.Build.0 = Debug|Any CPU
		{A0AFC893-1A26-481C-BD01-E1740AA170F0}.Release|Any CPU.ActiveCfg = Release|Any CPU
		{A0AFC893-1A26-481C-BD01-E1740AA170F0}.Release|Any CPU.Build.0 = Release|Any CPU
		{43BF04F9-CF01-41A3-B90E-1AC4CB54485E}.Debug|Any CPU.ActiveCfg = Debug|Any CPU
		{43BF04F9-CF01-41A3-B90E-1AC4CB54485E}.Debug|Any CPU.Build.0 = Debug|Any CPU
		{43BF04F9-CF01-41A3-B90E-1AC4CB54485E}.Release|Any CPU.ActiveCfg = Release|Any CPU
		{43BF04F9-CF01-41A3-B90E-1AC4CB54485E}.Release|Any CPU.Build.0 = Release|Any CPU
		{69A1CE1D-89EB-4147-BC5A-4B9FD5B8D7B9}.Debug|Any CPU.ActiveCfg = Debug|Any CPU
		{69A1CE1D-89EB-4147-BC5A-4B9FD5B8D7B9}.Debug|Any CPU.Build.0 = Debug|Any CPU
		{69A1CE1D-89EB-4147-BC5A-4B9FD5B8D7B9}.Release|Any CPU.ActiveCfg = Release|Any CPU
		{69A1CE1D-89EB-4147-BC5A-4B9FD5B8D7B9}.Release|Any CPU.Build.0 = Release|Any CPU
	EndGlobalSection
	GlobalSection(SolutionProperties) = preSolution
		HideSolutionNode = FALSE
	EndGlobalSection
	GlobalSection(ExtensibilityGlobals) = postSolution
		SolutionGuid = {B294FADC-54A3-42D8-8BB7-810EBB5D67B9}
	EndGlobalSection
EndGlobal
